
Microsoft Visual Studio Solution File, Format Version 12.00
# Visual Studio 15
VisualStudioVersion = 15.0.27703.2035
MinimumVisualStudioVersion = 10.0.40219.1
Project("{FAE04EC0-301F-11D3-BF4B-00C04F79EFBC}") = "COMP5212", "COMP5212\COMP5212.csproj", "{868FA2E8-893C-4266-AE1F-E7DFC8BE42C4}"
EndProject
Global
	GlobalSection(SolutionConfigurationPlatforms) = preSolution
		Debug|Any CPU = Debug|Any CPU
		Release|Any CPU = Release|Any CPU
	EndGlobalSection
	GlobalSection(ProjectConfigurationPlatforms) = postSolution
		{868FA2E8-893C-4266-AE1F-E7DFC8BE42C4}.Debug|Any CPU.ActiveCfg = Debug|Any CPU
		{868FA2E8-893C-4266-AE1F-E7DFC8BE42C4}.Debug|Any CPU.Build.0 = Debug|Any CPU
		{868FA2E8-893C-4266-AE1F-E7DFC8BE42C4}.Release|Any CPU.ActiveCfg = Release|Any CPU
		{868FA2E8-893C-4266-AE1F-E7DFC8BE42C4}.Release|Any CPU.Build.0 = Release|Any CPU
	EndGlobalSection
	GlobalSection(SolutionProperties) = preSolution
		HideSolutionNode = FALSE
	EndGlobalSection
	GlobalSection(ExtensibilityGlobals) = postSolution
		SolutionGuid = {CBC3C881-5216-402C-94B2-9E53F53A7BFB}
	EndGlobalSection
EndGlobal
